# This file is generated by running "yarn install" inside your project.
# Manual changes might be lost - proceed with caution!

__metadata:
  version: 8
  cacheKey: 10

"@eklingen/vinyl-stream-nunjucks@workspace:.":
  version: 0.0.0-use.local
  resolution: "@eklingen/vinyl-stream-nunjucks@workspace:."
  dependencies:
    deepmerge: "npm:^4.3.1"
    nunjucks: "npm:^3.2.4"
  languageName: unknown
  linkType: soft

"a-sync-waterfall@npm:^1.0.0":
  version: 1.0.1
  resolution: "a-sync-waterfall@npm:1.0.1"
  checksum: 6069080aff936c88fc32f798cc172a8b541e35b993dc5d2e43b74b6f37c522744eec107e1d475d2c624825c6cb7d2ec9ec020dbe4520578afcae74f11902daa2
  languageName: node
  linkType: hard

"asap@npm:^2.0.3":
  version: 2.0.6
  resolution: "asap@npm:2.0.6"
  checksum: b244c0458c571945e4b3be0b14eb001bea5596f9868cc50cc711dc03d58a7e953517d3f0dad81ccde3ff37d1f074701fa76a6f07d41aaa992d7204a37b915dda
  languageName: node
  linkType: hard

"commander@npm:^5.1.0":
  version: 5.1.0
  resolution: "commander@npm:5.1.0"
  checksum: 3e2ef5c003c5179250161e42ce6d48e0e69a54af970c65b7f985c70095240c260fd647453efd4c2c5a31b30ce468f373dc70f769c2f54a2c014abc4792aaca28
  languageName: node
  linkType: hard

"deepmerge@npm:^4.3.1":
  version: 4.3.1
  resolution: "deepmerge@npm:4.3.1"
  checksum: 058d9e1b0ff1a154468bf3837aea436abcfea1ba1d165ddaaf48ca93765fdd01a30d33c36173da8fbbed951dd0a267602bc782fe288b0fc4b7e1e7091afc4529
  languageName: node
  linkType: hard

"nunjucks@npm:^3.2.4":
  version: 3.2.4
  resolution: "nunjucks@npm:3.2.4"
  dependencies:
    a-sync-waterfall: "npm:^1.0.0"
    asap: "npm:^2.0.3"
    commander: "npm:^5.1.0"
  peerDependencies:
    chokidar: ^3.3.0
  peerDependenciesMeta:
    chokidar:
      optional: true
  bin:
    nunjucks-precompile: bin/precompile
  checksum: 8decb8bb762501aa1a44366acff50ab9d4ff9e57034455e62056b4ac117da40140e1f34f2270c38884f1a5b84b7d97c4afcb2e8c789ddd09f4dcfe71ce7b56bf
  languageName: node
  linkType: hard
